
Microsoft Visual Studio Solution File, Format Version 12.00
# Visual Studio 15
VisualStudioVersion = 15.0.25914.0
MinimumVisualStudioVersion = 10.0.40219.1
Project("{FAE04EC0-301F-11D3-BF4B-00C04F79EFBC}") = "TokenizerLib", "TokenizerLib\TokenizerLib.csproj", "{668F4EA3-D86E-4293-861E-3DE8675F6201}"
EndProject
Project("{FAE04EC0-301F-11D3-BF4B-00C04F79EFBC}") = "TokenizerLibTests", "TokenizerLibTests\TokenizerLibTests.csproj", "{4F0DB5F0-1278-419C-8DB1-0F09854DC5AB}"
EndProject
Global
	GlobalSection(SolutionConfigurationPlatforms) = preSolution
		Debug|Any CPU = Debug|Any CPU
		Release|Any CPU = Release|Any CPU
	EndGlobalSection
	GlobalSection(ProjectConfigurationPlatforms) = postSolution
		{668F4EA3-D86E-4293-861E-3DE8675F6201}.Debug|Any CPU.ActiveCfg = Debug|Any CPU
		{668F4EA3-D86E-4293-861E-3DE8675F6201}.Debug|Any CPU.Build.0 = Debug|Any CPU
		{668F4EA3-D86E-4293-861E-3DE8675F6201}.Release|Any CPU.ActiveCfg = Release|Any CPU
		{668F4EA3-D86E-4293-861E-3DE8675F6201}.Release|Any CPU.Build.0 = Release|Any CPU
		{4F0DB5F0-1278-419C-8DB1-0F09854DC5AB}.Debug|Any CPU.ActiveCfg = Debug|Any CPU
		{4F0DB5F0-1278-419C-8DB1-0F09854DC5AB}.Debug|Any CPU.Build.0 = Debug|Any CPU
		{4F0DB5F0-1278-419C-8DB1-0F09854DC5AB}.Release|Any CPU.ActiveCfg = Release|Any CPU
		{4F0DB5F0-1278-419C-8DB1-0F09854DC5AB}.Release|Any CPU.Build.0 = Release|Any CPU
	EndGlobalSection
	GlobalSection(SolutionProperties) = preSolution
		HideSolutionNode = FALSE
	EndGlobalSection
EndGlobal
